// !$*UTF8*$!
{
	archiveVersion = 1;
	classes = {
	};
	objectVersion = 56;
	objects = {

/* Begin PBXBuildFile section */
		5A1080532947A04400291941 /* NaviBackportExampleApp.swift in Sources */ = {isa = PBXBuildFile; fileRef = 5A1080522947A04400291941 /* NaviBackportExampleApp.swift */; };
		5A1080572947A04500291941 /* Assets.xcassets in Resources */ = {isa = PBXBuildFile; fileRef = 5A1080562947A04500291941 /* Assets.xcassets */; };
		5A10805A2947A04500291941 /* Preview Assets.xcassets in Resources */ = {isa = PBXBuildFile; fileRef = 5A1080592947A04500291941 /* Preview Assets.xcassets */; };
		5AFE93802947A0DB0010DE32 /* Login.swift in Sources */ = {isa = PBXBuildFile; fileRef = 5AFE937F2947A0DB0010DE32 /* Login.swift */; };
		5AFE93832947A20B0010DE32 /* NavigationBackport in Frameworks */ = {isa = PBXBuildFile; productRef = 5AFE93822947A20B0010DE32 /* NavigationBackport */; };
		5AFE93852947A4720010DE32 /* Navigator.swift in Sources */ = {isa = PBXBuildFile; fileRef = 5AFE93842947A4720010DE32 /* Navigator.swift */; };
		5AFE93882947C99C0010DE32 /* Router.swift in Sources */ = {isa = PBXBuildFile; fileRef = 5AFE93872947C99C0010DE32 /* Router.swift */; };
		5AFE938A2947CAB70010DE32 /* First.swift in Sources */ = {isa = PBXBuildFile; fileRef = 5AFE93892947CAB70010DE32 /* First.swift */; };
		5AFE938C2947CBEB0010DE32 /* Second.swift in Sources */ = {isa = PBXBuildFile; fileRef = 5AFE938B2947CBEB0010DE32 /* Second.swift */; };
		5AFE938E2947CC0A0010DE32 /* Third.swift in Sources */ = {isa = PBXBuildFile; fileRef = 5AFE938D2947CC0A0010DE32 /* Third.swift */; };
		5AFE93912947E0F50010DE32 /* LoginStateModel.swift in Sources */ = {isa = PBXBuildFile; fileRef = 5AFE93902947E0F50010DE32 /* LoginStateModel.swift */; };
/* End PBXBuildFile section */

/* Begin PBXFileReference section */
		5A10804F2947A04400291941 /* NaviBackportExample.app */ = {isa = PBXFileReference; explicitFileType = wrapper.application; includeInIndex = 0; path = NaviBackportExample.app; sourceTree = BUILT_PRODUCTS_DIR; };
		5A1080522947A04400291941 /* NaviBackportExampleApp.swift */ = {isa = PBXFileReference; lastKnownFileType = sourcecode.swift; path = NaviBackportExampleApp.swift; sourceTree = "<group>"; };
		5A1080562947A04500291941 /* Assets.xcassets */ = {isa = PBXFileReference; lastKnownFileType = folder.assetcatalog; path = Assets.xcassets; sourceTree = "<group>"; };
		5A1080592947A04500291941 /* Preview Assets.xcassets */ = {isa = PBXFileReference; lastKnownFileType = folder.assetcatalog; path = "Preview Assets.xcassets"; sourceTree = "<group>"; };
		5AFE937F2947A0DB0010DE32 /* Login.swift */ = {isa = PBXFileReference; lastKnownFileType = sourcecode.swift; path = Login.swift; sourceTree = "<group>"; };
		5AFE93842947A4720010DE32 /* Navigator.swift */ = {isa = PBXFileReference; lastKnownFileType = sourcecode.swift; path = Navigator.swift; sourceTree = "<group>"; };
		5AFE93872947C99C0010DE32 /* Router.swift */ = {isa = PBXFileReference; lastKnownFileType = sourcecode.swift; path = Router.swift; sourceTree = "<group>"; };
		5AFE93892947CAB70010DE32 /* First.swift */ = {isa = PBXFileReference; lastKnownFileType = sourcecode.swift; path = First.swift; sourceTree = "<group>"; };
		5AFE938B2947CBEB0010DE32 /* Second.swift */ = {isa = PBXFileReference; lastKnownFileType = sourcecode.swift; path = Second.swift; sourceTree = "<group>"; };
		5AFE938D2947CC0A0010DE32 /* Third.swift */ = {isa = PBXFileReference; lastKnownFileType = sourcecode.swift; path = Third.swift; sourceTree = "<group>"; };
		5AFE93902947E0F50010DE32 /* LoginStateModel.swift */ = {isa = PBXFileReference; lastKnownFileType = sourcecode.swift; path = LoginStateModel.swift; sourceTree = "<group>"; };
/* End PBXFileReference section */

/* Begin PBXFrameworksBuildPhase section */
		5A10804C2947A04400291941 /* Frameworks */ = {
			isa = PBXFrameworksBuildPhase;
			buildActionMask = 2147483647;
			files = (
				5AFE93832947A20B0010DE32 /* NavigationBackport in Frameworks */,
			);
			runOnlyForDeploymentPostprocessing = 0;
		};
/* End PBXFrameworksBuildPhase section */

/* Begin PBXGroup section */
		5A1080462947A04400291941 = {
			isa = PBXGroup;
			children = (
				5A1080512947A04400291941 /* NaviBackportExample */,
				5A1080502947A04400291941 /* Products */,
			);
			sourceTree = "<group>";
		};
		5A1080502947A04400291941 /* Products */ = {
			isa = PBXGroup;
			children = (
				5A10804F2947A04400291941 /* NaviBackportExample.app */,
			);
			name = Products;
			sourceTree = "<group>";
		};
		5A1080512947A04400291941 /* NaviBackportExample */ = {
			isa = PBXGroup;
			children = (
				5AFE938F2947E0E50010DE32 /* Modules */,
				5AFE937E2947A0C40010DE32 /* Screens */,
				5A1080522947A04400291941 /* NaviBackportExampleApp.swift */,
				5AFE93862947C9790010DE32 /* Router */,
				5AFE93842947A4720010DE32 /* Navigator.swift */,
				5A1080562947A04500291941 /* Assets.xcassets */,
				5A1080582947A04500291941 /* Preview Content */,
			);
			path = NaviBackportExample;
			sourceTree = "<group>";
		};
		5A1080582947A04500291941 /* Preview Content */ = {
			isa = PBXGroup;
			children = (
				5A1080592947A04500291941 /* Preview Assets.xcassets */,
			);
			path = "Preview Content";
			sourceTree = "<group>";
		};
		5AFE937E2947A0C40010DE32 /* Screens */ = {
			isa = PBXGroup;
			children = (
				5AFE93892947CAB70010DE32 /* First.swift */,
				5AFE938B2947CBEB0010DE32 /* Second.swift */,
				5AFE938D2947CC0A0010DE32 /* Third.swift */,
			);
			path = Screens;
			sourceTree = "<group>";
		};
		5AFE93862947C9790010DE32 /* Router */ = {
			isa = PBXGroup;
			children = (
				5AFE93872947C99C0010DE32 /* Router.swift */,
			);
			path = Router;
			sourceTree = "<group>";
		};
		5AFE938F2947E0E50010DE32 /* Modules */ = {
			isa = PBXGroup;
			children = (
				5AFE937F2947A0DB0010DE32 /* Login.swift */,
				5AFE93902947E0F50010DE32 /* LoginStateModel.swift */,
			);
			path = Modules;
			sourceTree = "<group>";
		};
/* End PBXGroup section */

/* Begin PBXNativeTarget section */
		5A10804E2947A04400291941 /* NaviBackportExample */ = {
			isa = PBXNativeTarget;
			buildConfigurationList = 5A10805D2947A04500291941 /* Build configuration list for PBXNativeTarget "NaviBackportExample" */;
			buildPhases = (
				5A10804B2947A04400291941 /* Sources */,
				5A10804C2947A04400291941 /* Frameworks */,
				5A10804D2947A04400291941 /* Resources */,
			);
			buildRules = (
			);
			dependencies = (
			);
			name = NaviBackportExample;
			packageProductDependencies = (
				5AFE93822947A20B0010DE32 /* NavigationBackport */,
			);
			productName = NaviBackportExample;
			productReference = 5A10804F2947A04400291941 /* NaviBackportExample.app */;
			productType = "com.apple.product-type.application";
		};
/* End PBXNativeTarget section */

/* Begin PBXProject section */
		5A1080472947A04400291941 /* Project object */ = {
			isa = PBXProject;
			attributes = {
				BuildIndependentTargetsInParallel = 1;
				LastSwiftUpdateCheck = 1410;
				LastUpgradeCheck = 1410;
				TargetAttributes = {
					5A10804E2947A04400291941 = {
						CreatedOnToolsVersion = 14.1;
					};
				};
			};
			buildConfigurationList = 5A10804A2947A04400291941 /* Build configuration list for PBXProject "NaviBackportExample" */;
			compatibilityVersion = "Xcode 14.0";
			developmentRegion = en;
			hasScannedForEncodings = 0;
			knownRegions = (
				en,
				Base,
			);
			mainGroup = 5A1080462947A04400291941;
			packageReferences = (
				5AFE93812947A20B0010DE32 /* XCRemoteSwiftPackageReference "NavigationBackport" */,
			);
			productRefGroup = 5A1080502947A04400291941 /* Products */;
			projectDirPath = "";
			projectRoot = "";
			targets = (
				5A10804E2947A04400291941 /* NaviBackportExample */,
			);
		};
/* End PBXProject section */

/* Begin PBXResourcesBuildPhase section */
		5A10804D2947A04400291941 /* Resources */ = {
			isa = PBXResourcesBuildPhase;
			buildActionMask = 2147483647;
			files = (
				5A10805A2947A04500291941 /* Preview Assets.xcassets in Resources */,
				5A1080572947A04500291941 /* Assets.xcassets in Resources */,
			);
			runOnlyForDeploymentPostprocessing = 0;
		};
/* End PBXResourcesBuildPhase section */

/* Begin PBXSourcesBuildPhase section */
		5A10804B2947A04400291941 /* Sources */ = {
			isa = PBXSourcesBuildPhase;
			buildActionMask = 2147483647;
			files = (
				5AFE93882947C99C0010DE32 /* Router.swift in Sources */,
				5AFE938A2947CAB70010DE32 /* First.swift in Sources */,
				5AFE93802947A0DB0010DE32 /* Login.swift in Sources */,
				5AFE93912947E0F50010DE32 /* LoginStateModel.swift in Sources */,
				5AFE938E2947CC0A0010DE32 /* Third.swift in Sources */,
				5AFE93852947A4720010DE32 /* Navigator.swift in Sources */,
				5A1080532947A04400291941 /* NaviBackportExampleApp.swift in Sources */,
				5AFE938C2947CBEB0010DE32 /* Second.swift in Sources */,
			);
			runOnlyForDeploymentPostprocessing = 0;
		};
/* End PBXSourcesBuildPhase section */

/* Begin XCBuildConfiguration section */
		5A10805B2947A04500291941 /* Debug */ = {
			isa = XCBuildConfiguration;
			buildSettings = {
				ALWAYS_SEARCH_USER_PATHS = NO;
				CLANG_ANALYZER_NONNULL = YES;
				CLANG_ANALYZER_NUMBER_OBJECT_CONVERSION = YES_AGGRESSIVE;
				CLANG_CXX_LANGUAGE_STANDARD = "gnu++20";
				CLANG_ENABLE_MODULES = YES;
				CLANG_ENABLE_OBJC_ARC = YES;
				CLANG_ENABLE_OBJC_WEAK = YES;
				CLANG_WARN_BLOCK_CAPTURE_AUTORELEASING = YES;
				CLANG_WARN_BOOL_CONVERSION = YES;
				CLANG_WARN_COMMA = YES;
				CLANG_WARN_CONSTANT_CONVERSION = YES;
				CLANG_WARN_DEPRECATED_OBJC_IMPLEMENTATIONS = YES;
				CLANG_WARN_DIRECT_OBJC_ISA_USAGE = YES_ERROR;
				CLANG_WARN_DOCUMENTATION_COMMENTS = YES;
				CLANG_WARN_EMPTY_BODY = YES;
				CLANG_WARN_ENUM_CONVERSION = YES;
				CLANG_WARN_INFINITE_RECURSION = YES;
				CLANG_WARN_INT_CONVERSION = YES;
				CLANG_WARN_NON_LITERAL_NULL_CONVERSION = YES;
				CLANG_WARN_OBJC_IMPLICIT_RETAIN_SELF = YES;
				CLANG_WARN_OBJC_LITERAL_CONVERSION = YES;
				CLANG_WARN_OBJC_ROOT_CLASS = YES_ERROR;
				CLANG_WARN_QUOTED_INCLUDE_IN_FRAMEWORK_HEADER = YES;
				CLANG_WARN_RANGE_LOOP_ANALYSIS = YES;
				CLANG_WARN_STRICT_PROTOTYPES = YES;
				CLANG_WARN_SUSPICIOUS_MOVE = YES;
				CLANG_WARN_UNGUARDED_AVAILABILITY = YES_AGGRESSIVE;
				CLANG_WARN_UNREACHABLE_CODE = YES;
				CLANG_WARN__DUPLICATE_METHOD_MATCH = YES;
				COPY_PHASE_STRIP = NO;
				DEBUG_INFORMATION_FORMAT = dwarf;
				ENABLE_STRICT_OBJC_MSGSEND = YES;
				ENABLE_TESTABILITY = YES;
				GCC_C_LANGUAGE_STANDARD = gnu11;
				GCC_DYNAMIC_NO_PIC = NO;
				GCC_NO_COMMON_BLOCKS = YES;
				GCC_OPTIMIZATION_LEVEL = 0;
				GCC_PREPROCESSOR_DEFINITIONS = (
					"DEBUG=1",
					"$(inherited)",
				);
				GCC_WARN_64_TO_32_BIT_CONVERSION = YES;
				GCC_WARN_ABOUT_RETURN_TYPE = YES_ERROR;
				GCC_WARN_UNDECLARED_SELECTOR = YES;
				GCC_WARN_UNINITIALIZED_AUTOS = YES_AGGRESSIVE;
				GCC_WARN_UNUSED_FUNCTION = YES;
				GCC_WARN_UNUSED_VARIABLE = YES;
				IPHONEOS_DEPLOYMENT_TARGET = 16.1;
				MTL_ENABLE_DEBUG_INFO = INCLUDE_SOURCE;
				MTL_FAST_MATH = YES;
				ONLY_ACTIVE_ARCH = YES;
				SDKROOT = iphoneos;
				SWIFT_ACTIVE_COMPILATION_CONDITIONS = DEBUG;
				SWIFT_OPTIMIZATION_LEVEL = "-Onone";
			};
			name = Debug;
		};
		5A10805C2947A04500291941 /* Release */ = {
			isa = XCBuildConfiguration;
			buildSettings = {
				ALWAYS_SEARCH_USER_PATHS = NO;
				CLANG_ANALYZER_NONNULL = YES;
				CLANG_ANALYZER_NUMBER_OBJECT_CONVERSION = YES_AGGRESSIVE;
				CLANG_CXX_LANGUAGE_STANDARD = "gnu++20";
				CLANG_ENABLE_MODULES = YES;
				CLANG_ENABLE_OBJC_ARC = YES;
				CLANG_ENABLE_OBJC_WEAK = YES;
				CLANG_WARN_BLOCK_CAPTURE_AUTORELEASING = YES;
				CLANG_WARN_BOOL_CONVERSION = YES;
				CLANG_WARN_COMMA = YES;
				CLANG_WARN_CONSTANT_CONVERSION = YES;
				CLANG_WARN_DEPRECATED_OBJC_IMPLEMENTATIONS = YES;
				CLANG_WARN_DIRECT_OBJC_ISA_USAGE = YES_ERROR;
				CLANG_WARN_DOCUMENTATION_COMMENTS = YES;
				CLANG_WARN_EMPTY_BODY = YES;
				CLANG_WARN_ENUM_CONVERSION = YES;
				CLANG_WARN_INFINITE_RECURSION = YES;
				CLANG_WARN_INT_CONVERSION = YES;
				CLANG_WARN_NON_LITERAL_NULL_CONVERSION = YES;
				CLANG_WARN_OBJC_IMPLICIT_RETAIN_SELF = YES;
				CLANG_WARN_OBJC_LITERAL_CONVERSION = YES;
				CLANG_WARN_OBJC_ROOT_CLASS = YES_ERROR;
				CLANG_WARN_QUOTED_INCLUDE_IN_FRAMEWORK_HEADER = YES;
				CLANG_WARN_RANGE_LOOP_ANALYSIS = YES;
				CLANG_WARN_STRICT_PROTOTYPES = YES;
				CLANG_WARN_SUSPICIOUS_MOVE = YES;
				CLANG_WARN_UNGUARDED_AVAILABILITY = YES_AGGRESSIVE;
				CLANG_WARN_UNREACHABLE_CODE = YES;
				CLANG_WARN__DUPLICATE_METHOD_MATCH = YES;
				COPY_PHASE_STRIP = NO;
				DEBUG_INFORMATION_FORMAT = "dwarf-with-dsym";
				ENABLE_NS_ASSERTIONS = NO;
				ENABLE_STRICT_OBJC_MSGSEND = YES;
				GCC_C_LANGUAGE_STANDARD = gnu11;
				GCC_NO_COMMON_BLOCKS = YES;
				GCC_WARN_64_TO_32_BIT_CONVERSION = YES;
				GCC_WARN_ABOUT_RETURN_TYPE = YES_ERROR;
				GCC_WARN_UNDECLARED_SELECTOR = YES;
				GCC_WARN_UNINITIALIZED_AUTOS = YES_AGGRESSIVE;
				GCC_WARN_UNUSED_FUNCTION = YES;
				GCC_WARN_UNUSED_VARIABLE = YES;
				IPHONEOS_DEPLOYMENT_TARGET = 16.1;
				MTL_ENABLE_DEBUG_INFO = NO;
				MTL_FAST_MATH = YES;
				SDKROOT = iphoneos;
				SWIFT_COMPILATION_MODE = wholemodule;
				SWIFT_OPTIMIZATION_LEVEL = "-O";
				VALIDATE_PRODUCT = YES;
			};
			name = Release;
		};
		5A10805E2947A04500291941 /* Debug */ = {
			isa = XCBuildConfiguration;
			buildSettings = {
				ASSETCATALOG_COMPILER_APPICON_NAME = AppIcon;
				ASSETCATALOG_COMPILER_GLOBAL_ACCENT_COLOR_NAME = AccentColor;
				CODE_SIGN_STYLE = Automatic;
				CURRENT_PROJECT_VERSION = 1;
				DEVELOPMENT_ASSET_PATHS = "\"NaviBackportExample/Preview Content\"";
				DEVELOPMENT_TEAM = TP33793R45;
				ENABLE_PREVIEWS = YES;
				GENERATE_INFOPLIST_FILE = YES;
				INFOPLIST_KEY_UIApplicationSceneManifest_Generation = YES;
				INFOPLIST_KEY_UIApplicationSupportsIndirectInputEvents = YES;
				INFOPLIST_KEY_UILaunchScreen_Generation = YES;
				INFOPLIST_KEY_UISupportedInterfaceOrientations_iPad = "UIInterfaceOrientationPortrait UIInterfaceOrientationPortraitUpsideDown UIInterfaceOrientationLandscapeLeft UIInterfaceOrientationLandscapeRight";
				INFOPLIST_KEY_UISupportedInterfaceOrientations_iPhone = "UIInterfaceOrientationPortrait UIInterfaceOrientationLandscapeLeft UIInterfaceOrientationLandscapeRight";
				IPHONEOS_DEPLOYMENT_TARGET = 14.0;
				LD_RUNPATH_SEARCH_PATHS = (
					"$(inherited)",
					"@executable_path/Frameworks",
				);
				MARKETING_VERSION = 1.0;
				PRODUCT_BUNDLE_IDENTIFIER = "com.c-villain.NaviBackportExample";
				PRODUCT_NAME = "$(TARGET_NAME)";
				SWIFT_EMIT_LOC_STRINGS = YES;
				SWIFT_VERSION = 5.0;
				TARGETED_DEVICE_FAMILY = "1,2";
			};
			name = Debug;
		};
		5A10805F2947A04500291941 /* Release */ = {
			isa = XCBuildConfiguration;
			buildSettings = {
				ASSETCATALOG_COMPILER_APPICON_NAME = AppIcon;
				ASSETCATALOG_COMPILER_GLOBAL_ACCENT_COLOR_NAME = AccentColor;
				CODE_SIGN_STYLE = Automatic;
				CURRENT_PROJECT_VERSION = 1;
				DEVELOPMENT_ASSET_PATHS = "\"NaviBackportExample/Preview Content\"";
				DEVELOPMENT_TEAM = TP33793R45;
				ENABLE_PREVIEWS = YES;
				GENERATE_INFOPLIST_FILE = YES;
				INFOPLIST_KEY_UIApplicationSceneManifest_Generation = YES;
				INFOPLIST_KEY_UIApplicationSupportsIndirectInputEvents = YES;
				INFOPLIST_KEY_UILaunchScreen_Generation = YES;
				INFOPLIST_KEY_UISupportedInterfaceOrientations_iPad = "UIInterfaceOrientationPortrait UIInterfaceOrientationPortraitUpsideDown UIInterfaceOrientationLandscapeLeft UIInterfaceOrientationLandscapeRight";
				INFOPLIST_KEY_UISupportedInterfaceOrientations_iPhone = "UIInterfaceOrientationPortrait UIInterfaceOrientationLandscapeLeft UIInterfaceOrientationLandscapeRight";
				IPHONEOS_DEPLOYMENT_TARGET = 14.0;
				LD_RUNPATH_SEARCH_PATHS = (
					"$(inherited)",
					"@executable_path/Frameworks",
				);
				MARKETING_VERSION = 1.0;
				PRODUCT_BUNDLE_IDENTIFIER = "com.c-villain.NaviBackportExample";
				PRODUCT_NAME = "$(TARGET_NAME)";
				SWIFT_EMIT_LOC_STRINGS = YES;
				SWIFT_VERSION = 5.0;
				TARGETED_DEVICE_FAMILY = "1,2";
			};
			name = Release;
		};
/* End XCBuildConfiguration section */

/* Begin XCConfigurationList section */
		5A10804A2947A04400291941 /* Build configuration list for PBXProject "NaviBackportExample" */ = {
			isa = XCConfigurationList;
			buildConfigurations = (
				5A10805B2947A04500291941 /* Debug */,
				5A10805C2947A04500291941 /* Release */,
			);
			defaultConfigurationIsVisible = 0;
			defaultConfigurationName = Release;
		};
		5A10805D2947A04500291941 /* Build configuration list for PBXNativeTarget "NaviBackportExample" */ = {
			isa = XCConfigurationList;
			buildConfigurations = (
				5A10805E2947A04500291941 /* Debug */,
				5A10805F2947A04500291941 /* Release */,
			);
			defaultConfigurationIsVisible = 0;
			defaultConfigurationName = Release;
		};
/* End XCConfigurationList section */

/* Begin XCRemoteSwiftPackageReference section */
		5AFE93812947A20B0010DE32 /* XCRemoteSwiftPackageReference "NavigationBackport" */ = {
			isa = XCRemoteSwiftPackageReference;
			repositoryURL = "https://github.com/johnpatrickmorgan/NavigationBackport";
			requirement = {
				kind = upToNextMajorVersion;
				minimumVersion = 0.7.0;
			};
		};
/* End XCRemoteSwiftPackageReference section */

/* Begin XCSwiftPackageProductDependency section */
		5AFE93822947A20B0010DE32 /* NavigationBackport */ = {
			isa = XCSwiftPackageProductDependency;
			package = 5AFE93812947A20B0010DE32 /* XCRemoteSwiftPackageReference "NavigationBackport" */;
			productName = NavigationBackport;
		};
/* End XCSwiftPackageProductDependency section */
	};
	rootObject = 5A1080472947A04400291941 /* Project object */;
}
